
Microsoft Visual Studio Solution File, Format Version 12.00
# Visual Studio Version 16
VisualStudioVersion = 16.0.31112.23
MinimumVisualStudioVersion = 10.0.40219.1
Project("{FAE04EC0-301F-11D3-BF4B-00C04F79EFBC}") = "Example_VK_API", "Example_VK_API\Example_VK_API.csproj", "{76AA8DF3-0975-40AF-B632-ACF9ED144447}"
EndProject
Global
	GlobalSection(SolutionConfigurationPlatforms) = preSolution
		Debug|Any CPU = Debug|Any CPU
		Release|Any CPU = Release|Any CPU
	EndGlobalSection
	GlobalSection(ProjectConfigurationPlatforms) = postSolution
		{76AA8DF3-0975-40AF-B632-ACF9ED144447}.Debug|Any CPU.ActiveCfg = Debug|Any CPU
		{76AA8DF3-0975-40AF-B632-ACF9ED144447}.Debug|Any CPU.Build.0 = Debug|Any CPU
		{76AA8DF3-0975-40AF-B632-ACF9ED144447}.Release|Any CPU.ActiveCfg = Release|Any CPU
		{76AA8DF3-0975-40AF-B632-ACF9ED144447}.Release|Any CPU.Build.0 = Release|Any CPU
	EndGlobalSection
	GlobalSection(SolutionProperties) = preSolution
		HideSolutionNode = FALSE
	EndGlobalSection
	GlobalSection(ExtensibilityGlobals) = postSolution
		SolutionGuid = {69CB2468-AFCF-4E20-964E-A598FEC87FD4}
	EndGlobalSection
EndGlobal
